
Microsoft Visual Studio Solution File, Format Version 12.00
# Visual Studio Version 16
VisualStudioVersion = 16.0.31005.135
MinimumVisualStudioVersion = 10.0.40219.1
Project("{FAE04EC0-301F-11D3-BF4B-00C04F79EFBC}") = "Primitievs", "Primitievs.csproj", "{BA04BA5F-474A-47F2-8DE2-FD7B4AB6F21A}"
EndProject
Global
	GlobalSection(SolutionConfigurationPlatforms) = preSolution
		Debug|Any CPU = Debug|Any CPU
		Release|Any CPU = Release|Any CPU
	EndGlobalSection
	GlobalSection(ProjectConfigurationPlatforms) = postSolution
		{BA04BA5F-474A-47F2-8DE2-FD7B4AB6F21A}.Debug|Any CPU.ActiveCfg = Debug|Any CPU
		{BA04BA5F-474A-47F2-8DE2-FD7B4AB6F21A}.Debug|Any CPU.Build.0 = Debug|Any CPU
		{BA04BA5F-474A-47F2-8DE2-FD7B4AB6F21A}.Release|Any CPU.ActiveCfg = Release|Any CPU
		{BA04BA5F-474A-47F2-8DE2-FD7B4AB6F21A}.Release|Any CPU.Build.0 = Release|Any CPU
	EndGlobalSection
	GlobalSection(SolutionProperties) = preSolution
		HideSolutionNode = FALSE
	EndGlobalSection
	GlobalSection(ExtensibilityGlobals) = postSolution
		SolutionGuid = {98DF3123-3855-40E5-9D5C-45E15ED4935F}
	EndGlobalSection
EndGlobal
